// !$*UTF8*$!
{
	archiveVersion = 1;
	classes = {
	};
	objectVersion = 55;
	objects = {

/* Begin PBXBuildFile section */
		9A4BB9FA2731BBCA00C2BB8D /* AppDelegate.swift in Sources */ = {isa = PBXBuildFile; fileRef = 9A4BB9F92731BBCA00C2BB8D /* AppDelegate.swift */; };
		9A4BB9FC2731BBCA00C2BB8D /* SceneDelegate.swift in Sources */ = {isa = PBXBuildFile; fileRef = 9A4BB9FB2731BBCA00C2BB8D /* SceneDelegate.swift */; };
		9A4BB9FE2731BBCA00C2BB8D /* ViewController.swift in Sources */ = {isa = PBXBuildFile; fileRef = 9A4BB9FD2731BBCA00C2BB8D /* ViewController.swift */; };
		9A4BBA012731BBCA00C2BB8D /* Main.storyboard in Resources */ = {isa = PBXBuildFile; fileRef = 9A4BB9FF2731BBCA00C2BB8D /* Main.storyboard */; };
		9A4BBA032731BBCB00C2BB8D /* Assets.xcassets in Resources */ = {isa = PBXBuildFile; fileRef = 9A4BBA022731BBCB00C2BB8D /* Assets.xcassets */; };
		9A4BBA062731BBCB00C2BB8D /* LaunchScreen.storyboard in Resources */ = {isa = PBXBuildFile; fileRef = 9A4BBA042731BBCB00C2BB8D /* LaunchScreen.storyboard */; };
		9A4BBA112731BBCB00C2BB8D /* ProjectAfrahTests.swift in Sources */ = {isa = PBXBuildFile; fileRef = 9A4BBA102731BBCB00C2BB8D /* ProjectAfrahTests.swift */; };
		9A4BBA1B2731BBCB00C2BB8D /* ProjectAfrahUITests.swift in Sources */ = {isa = PBXBuildFile; fileRef = 9A4BBA1A2731BBCB00C2BB8D /* ProjectAfrahUITests.swift */; };
		9A4BBA1D2731BBCB00C2BB8D /* ProjectAfrahUITestsLaunchTests.swift in Sources */ = {isa = PBXBuildFile; fileRef = 9A4BBA1C2731BBCB00C2BB8D /* ProjectAfrahUITestsLaunchTests.swift */; };
		9A4BBA2A2731CEF000C2BB8D /* ViewControllerTwo .swift in Sources */ = {isa = PBXBuildFile; fileRef = 9A4BBA292731CEF000C2BB8D /* ViewControllerTwo .swift */; };
		9A9E4E892733106B00FF2D12 /* ViewControllerThree.swift in Sources */ = {isa = PBXBuildFile; fileRef = 9A9E4E882733106B00FF2D12 /* ViewControllerThree.swift */; };
/* End PBXBuildFile section */

/* Begin PBXContainerItemProxy section */
		9A4BBA0D2731BBCB00C2BB8D /* PBXContainerItemProxy */ = {
			isa = PBXContainerItemProxy;
			containerPortal = 9A4BB9EE2731BBCA00C2BB8D /* Project object */;
			proxyType = 1;
			remoteGlobalIDString = 9A4BB9F52731BBCA00C2BB8D;
			remoteInfo = ProjectAfrah;
		};
		9A4BBA172731BBCB00C2BB8D /* PBXContainerItemProxy */ = {
			isa = PBXContainerItemProxy;
			containerPortal = 9A4BB9EE2731BBCA00C2BB8D /* Project object */;
			proxyType = 1;
			remoteGlobalIDString = 9A4BB9F52731BBCA00C2BB8D;
			remoteInfo = ProjectAfrah;
		};
/* End PBXContainerItemProxy section */

/* Begin PBXFileReference section */
		9A4BB9F62731BBCA00C2BB8D /* ProjectAfrah.app */ = {isa = PBXFileReference; explicitFileType = wrapper.application; includeInIndex = 0; path = ProjectAfrah.app; sourceTree = BUILT_PRODUCTS_DIR; };
		9A4BB9F92731BBCA00C2BB8D /* AppDelegate.swift */ = {isa = PBXFileReference; lastKnownFileType = sourcecode.swift; path = AppDelegate.swift; sourceTree = "<group>"; };
		9A4BB9FB2731BBCA00C2BB8D /* SceneDelegate.swift */ = {isa = PBXFileReference; lastKnownFileType = sourcecode.swift; path = SceneDelegate.swift; sourceTree = "<group>"; };
		9A4BB9FD2731BBCA00C2BB8D /* ViewController.swift */ = {isa = PBXFileReference; lastKnownFileType = sourcecode.swift; path = ViewController.swift; sourceTree = "<group>"; };
		9A4BBA002731BBCA00C2BB8D /* Base */ = {isa = PBXFileReference; lastKnownFileType = file.storyboard; name = Base; path = Base.lproj/Main.storyboard; sourceTree = "<group>"; };
		9A4BBA022731BBCB00C2BB8D /* Assets.xcassets */ = {isa = PBXFileReference; lastKnownFileType = folder.assetcatalog; path = Assets.xcassets; sourceTree = "<group>"; };
		9A4BBA052731BBCB00C2BB8D /* Base */ = {isa = PBXFileReference; lastKnownFileType = file.storyboard; name = Base; path = Base.lproj/LaunchScreen.storyboard; sourceTree = "<group>"; };
		9A4BBA072731BBCB00C2BB8D /* Info.plist */ = {isa = PBXFileReference; lastKnownFileType = text.plist.xml; path = Info.plist; sourceTree = "<group>"; };
		9A4BBA0C2731BBCB00C2BB8D /* ProjectAfrahTests.xctest */ = {isa = PBXFileReference; explicitFileType = wrapper.cfbundle; includeInIndex = 0; path = ProjectAfrahTests.xctest; sourceTree = BUILT_PRODUCTS_DIR; };
		9A4BBA102731BBCB00C2BB8D /* ProjectAfrahTests.swift */ = {isa = PBXFileReference; lastKnownFileType = sourcecode.swift; path = ProjectAfrahTests.swift; sourceTree = "<group>"; };
		9A4BBA162731BBCB00C2BB8D /* ProjectAfrahUITests.xctest */ = {isa = PBXFileReference; explicitFileType = wrapper.cfbundle; includeInIndex = 0; path = ProjectAfrahUITests.xctest; sourceTree = BUILT_PRODUCTS_DIR; };
		9A4BBA1A2731BBCB00C2BB8D /* ProjectAfrahUITests.swift */ = {isa = PBXFileReference; lastKnownFileType = sourcecode.swift; path = ProjectAfrahUITests.swift; sourceTree = "<group>"; };
		9A4BBA1C2731BBCB00C2BB8D /* ProjectAfrahUITestsLaunchTests.swift */ = {isa = PBXFileReference; lastKnownFileType = sourcecode.swift; path = ProjectAfrahUITestsLaunchTests.swift; sourceTree = "<group>"; };
		9A4BBA292731CEF000C2BB8D /* ViewControllerTwo .swift */ = {isa = PBXFileReference; lastKnownFileType = sourcecode.swift; path = "ViewControllerTwo .swift"; sourceTree = "<group>"; };
		9A9E4E882733106B00FF2D12 /* ViewControllerThree.swift */ = {isa = PBXFileReference; lastKnownFileType = sourcecode.swift; path = ViewControllerThree.swift; sourceTree = "<group>"; };
/* End PBXFileReference section */

/* Begin PBXFrameworksBuildPhase section */
		9A4BB9F32731BBCA00C2BB8D /* Frameworks */ = {
			isa = PBXFrameworksBuildPhase;
			buildActionMask = 2147483647;
			files = (
			);
			runOnlyForDeploymentPostprocessing = 0;
		};
		9A4BBA092731BBCB00C2BB8D /* Frameworks */ = {
			isa = PBXFrameworksBuildPhase;
			buildActionMask = 2147483647;
			files = (
			);
			runOnlyForDeploymentPostprocessing = 0;
		};
		9A4BBA132731BBCB00C2BB8D /* Frameworks */ = {
			isa = PBXFrameworksBuildPhase;
			buildActionMask = 2147483647;
			files = (
			);
			runOnlyForDeploymentPostprocessing = 0;
		};
/* End PBXFrameworksBuildPhase section */

/* Begin PBXGroup section */
		9A4BB9ED2731BBCA00C2BB8D = {
			isa = PBXGroup;
			children = (
				9A4BB9F82731BBCA00C2BB8D /* ProjectAfrah */,
				9A4BBA0F2731BBCB00C2BB8D /* ProjectAfrahTests */,
				9A4BBA192731BBCB00C2BB8D /* ProjectAfrahUITests */,
				9A4BB9F72731BBCA00C2BB8D /* Products */,
			);
			sourceTree = "<group>";
		};
		9A4BB9F72731BBCA00C2BB8D /* Products */ = {
			isa = PBXGroup;
			children = (
				9A4BB9F62731BBCA00C2BB8D /* ProjectAfrah.app */,
				9A4BBA0C2731BBCB00C2BB8D /* ProjectAfrahTests.xctest */,
				9A4BBA162731BBCB00C2BB8D /* ProjectAfrahUITests.xctest */,
			);
			name = Products;
			sourceTree = "<group>";
		};
		9A4BB9F82731BBCA00C2BB8D /* ProjectAfrah */ = {
			isa = PBXGroup;
			children = (
				9A4BB9F92731BBCA00C2BB8D /* AppDelegate.swift */,
				9A4BB9FB2731BBCA00C2BB8D /* SceneDelegate.swift */,
				9A4BB9FD2731BBCA00C2BB8D /* ViewController.swift */,
				9A4BB9FF2731BBCA00C2BB8D /* Main.storyboard */,
				9A9E4E882733106B00FF2D12 /* ViewControllerThree.swift */,
				9A4BBA292731CEF000C2BB8D /* ViewControllerTwo .swift */,
				9A4BBA022731BBCB00C2BB8D /* Assets.xcassets */,
				9A4BBA042731BBCB00C2BB8D /* LaunchScreen.storyboard */,
				9A4BBA072731BBCB00C2BB8D /* Info.plist */,
			);
			path = ProjectAfrah;
			sourceTree = "<group>";
		};
		9A4BBA0F2731BBCB00C2BB8D /* ProjectAfrahTests */ = {
			isa = PBXGroup;
			children = (
				9A4BBA102731BBCB00C2BB8D /* ProjectAfrahTests.swift */,
			);
			path = ProjectAfrahTests;
			sourceTree = "<group>";
		};
		9A4BBA192731BBCB00C2BB8D /* ProjectAfrahUITests */ = {
			isa = PBXGroup;
			children = (
				9A4BBA1A2731BBCB00C2BB8D /* ProjectAfrahUITests.swift */,
				9A4BBA1C2731BBCB00C2BB8D /* ProjectAfrahUITestsLaunchTests.swift */,
			);
			path = ProjectAfrahUITests;
			sourceTree = "<group>";
		};
/* End PBXGroup section */

/* Begin PBXNativeTarget section */
		9A4BB9F52731BBCA00C2BB8D /* ProjectAfrah */ = {
			isa = PBXNativeTarget;
			buildConfigurationList = 9A4BBA202731BBCB00C2BB8D /* Build configuration list for PBXNativeTarget "ProjectAfrah" */;
			buildPhases = (
				9A4BB9F22731BBCA00C2BB8D /* Sources */,
				9A4BB9F32731BBCA00C2BB8D /* Frameworks */,
				9A4BB9F42731BBCA00C2BB8D /* Resources */,
			);
			buildRules = (
			);
			dependencies = (
			);
			name = ProjectAfrah;
			productName = ProjectAfrah;
			productReference = 9A4BB9F62731BBCA00C2BB8D /* ProjectAfrah.app */;
			productType = "com.apple.product-type.application";
		};
		9A4BBA0B2731BBCB00C2BB8D /* ProjectAfrahTests */ = {
			isa = PBXNativeTarget;
			buildConfigurationList = 9A4BBA232731BBCB00C2BB8D /* Build configuration list for PBXNativeTarget "ProjectAfrahTests" */;
			buildPhases = (
				9A4BBA082731BBCB00C2BB8D /* Sources */,
				9A4BBA092731BBCB00C2BB8D /* Frameworks */,
				9A4BBA0A2731BBCB00C2BB8D /* Resources */,
			);
			buildRules = (
			);
			dependencies = (
				9A4BBA0E2731BBCB00C2BB8D /* PBXTargetDependency */,
			);
			name = ProjectAfrahTests;
			productName = ProjectAfrahTests;
			productReference = 9A4BBA0C2731BBCB00C2BB8D /* ProjectAfrahTests.xctest */;
			productType = "com.apple.product-type.bundle.unit-test";
		};
		9A4BBA152731BBCB00C2BB8D /* ProjectAfrahUITests */ = {
			isa = PBXNativeTarget;
			buildConfigurationList = 9A4BBA262731BBCB00C2BB8D /* Build configuration list for PBXNativeTarget "ProjectAfrahUITests" */;
			buildPhases = (
				9A4BBA122731BBCB00C2BB8D /* Sources */,
				9A4BBA132731BBCB00C2BB8D /* Frameworks */,
				9A4BBA142731BBCB00C2BB8D /* Resources */,
			);
			buildRules = (
			);
			dependencies = (
				9A4BBA182731BBCB00C2BB8D /* PBXTargetDependency */,
			);
			name = ProjectAfrahUITests;
			productName = ProjectAfrahUITests;
			productReference = 9A4BBA162731BBCB00C2BB8D /* ProjectAfrahUITests.xctest */;
			productType = "com.apple.product-type.bundle.ui-testing";
		};
/* End PBXNativeTarget section */

/* Begin PBXProject section */
		9A4BB9EE2731BBCA00C2BB8D /* Project object */ = {
			isa = PBXProject;
			attributes = {
				BuildIndependentTargetsInParallel = 1;
				LastSwiftUpdateCheck = 1300;
				LastUpgradeCheck = 1300;
				TargetAttributes = {
					9A4BB9F52731BBCA00C2BB8D = {
						CreatedOnToolsVersion = 13.0;
					};
					9A4BBA0B2731BBCB00C2BB8D = {
						CreatedOnToolsVersion = 13.0;
						TestTargetID = 9A4BB9F52731BBCA00C2BB8D;
					};
					9A4BBA152731BBCB00C2BB8D = {
						CreatedOnToolsVersion = 13.0;
						TestTargetID = 9A4BB9F52731BBCA00C2BB8D;
					};
				};
			};
			buildConfigurationList = 9A4BB9F12731BBCA00C2BB8D /* Build configuration list for PBXProject "ProjectAfrah" */;
			compatibilityVersion = "Xcode 13.0";
			developmentRegion = en;
			hasScannedForEncodings = 0;
			knownRegions = (
				en,
				Base,
			);
			mainGroup = 9A4BB9ED2731BBCA00C2BB8D;
			productRefGroup = 9A4BB9F72731BBCA00C2BB8D /* Products */;
			projectDirPath = "";
			projectRoot = "";
			targets = (
				9A4BB9F52731BBCA00C2BB8D /* ProjectAfrah */,
				9A4BBA0B2731BBCB00C2BB8D /* ProjectAfrahTests */,
				9A4BBA152731BBCB00C2BB8D /* ProjectAfrahUITests */,
			);
		};
/* End PBXProject section */

/* Begin PBXResourcesBuildPhase section */
		9A4BB9F42731BBCA00C2BB8D /* Resources */ = {
			isa = PBXResourcesBuildPhase;
			buildActionMask = 2147483647;
			files = (
				9A4BBA062731BBCB00C2BB8D /* LaunchScreen.storyboard in Resources */,
				9A4BBA032731BBCB00C2BB8D /* Assets.xcassets in Resources */,
				9A4BBA012731BBCA00C2BB8D /* Main.storyboard in Resources */,
			);
			runOnlyForDeploymentPostprocessing = 0;
		};
		9A4BBA0A2731BBCB00C2BB8D /* Resources */ = {
			isa = PBXResourcesBuildPhase;
			buildActionMask = 2147483647;
			files = (
			);
			runOnlyForDeploymentPostprocessing = 0;
		};
		9A4BBA142731BBCB00C2BB8D /* Resources */ = {
			isa = PBXResourcesBuildPhase;
			buildActionMask = 2147483647;
			files = (
			);
			runOnlyForDeploymentPostprocessing = 0;
		};
/* End PBXResourcesBuildPhase section */

/* Begin PBXSourcesBuildPhase section */
		9A4BB9F22731BBCA00C2BB8D /* Sources */ = {
			isa = PBXSourcesBuildPhase;
			buildActionMask = 2147483647;
			files = (
				9A9E4E892733106B00FF2D12 /* ViewControllerThree.swift in Sources */,
				9A4BBA2A2731CEF000C2BB8D /* ViewControllerTwo .swift in Sources */,
				9A4BB9FE2731BBCA00C2BB8D /* ViewController.swift in Sources */,
				9A4BB9FA2731BBCA00C2BB8D /* AppDelegate.swift in Sources */,
				9A4BB9FC2731BBCA00C2BB8D /* SceneDelegate.swift in Sources */,
			);
			runOnlyForDeploymentPostprocessing = 0;
		};
		9A4BBA082731BBCB00C2BB8D /* Sources */ = {
			isa = PBXSourcesBuildPhase;
			buildActionMask = 2147483647;
			files = (
				9A4BBA112731BBCB00C2BB8D /* ProjectAfrahTests.swift in Sources */,
			);
			runOnlyForDeploymentPostprocessing = 0;
		};
		9A4BBA122731BBCB00C2BB8D /* Sources */ = {
			isa = PBXSourcesBuildPhase;
			buildActionMask = 2147483647;
			files = (
				9A4BBA1B2731BBCB00C2BB8D /* ProjectAfrahUITests.swift in Sources */,
				9A4BBA1D2731BBCB00C2BB8D /* ProjectAfrahUITestsLaunchTests.swift in Sources */,
			);
			runOnlyForDeploymentPostprocessing = 0;
		};
/* End PBXSourcesBuildPhase section */

/* Begin PBXTargetDependency section */
		9A4BBA0E2731BBCB00C2BB8D /* PBXTargetDependency */ = {
			isa = PBXTargetDependency;
			target = 9A4BB9F52731BBCA00C2BB8D /* ProjectAfrah */;
			targetProxy = 9A4BBA0D2731BBCB00C2BB8D /* PBXContainerItemProxy */;
		};
		9A4BBA182731BBCB00C2BB8D /* PBXTargetDependency */ = {
			isa = PBXTargetDependency;
			target = 9A4BB9F52731BBCA00C2BB8D /* ProjectAfrah */;
			targetProxy = 9A4BBA172731BBCB00C2BB8D /* PBXContainerItemProxy */;
		};
/* End PBXTargetDependency section */

/* Begin PBXVariantGroup section */
		9A4BB9FF2731BBCA00C2BB8D /* Main.storyboard */ = {
			isa = PBXVariantGroup;
			children = (
				9A4BBA002731BBCA00C2BB8D /* Base */,
			);
			name = Main.storyboard;
			sourceTree = "<group>";
		};
		9A4BBA042731BBCB00C2BB8D /* LaunchScreen.storyboard */ = {
			isa = PBXVariantGroup;
			children = (
				9A4BBA052731BBCB00C2BB8D /* Base */,
			);
			name = LaunchScreen.storyboard;
			sourceTree = "<group>";
		};
/* End PBXVariantGroup section */

/* Begin XCBuildConfiguration section */
		9A4BBA1E2731BBCB00C2BB8D /* Debug */ = {
			isa = XCBuildConfiguration;
			buildSettings = {
				ALWAYS_SEARCH_USER_PATHS = NO;
				CLANG_ANALYZER_NONNULL = YES;
				CLANG_ANALYZER_NUMBER_OBJECT_CONVERSION = YES_AGGRESSIVE;
				CLANG_CXX_LANGUAGE_STANDARD = "gnu++17";
				CLANG_CXX_LIBRARY = "libc++";
				CLANG_ENABLE_MODULES = YES;
				CLANG_ENABLE_OBJC_ARC = YES;
				CLANG_ENABLE_OBJC_WEAK = YES;
				CLANG_WARN_BLOCK_CAPTURE_AUTORELEASING = YES;
				CLANG_WARN_BOOL_CONVERSION = YES;
				CLANG_WARN_COMMA = YES;
				CLANG_WARN_CONSTANT_CONVERSION = YES;
				CLANG_WARN_DEPRECATED_OBJC_IMPLEMENTATIONS = YES;
				CLANG_WARN_DIRECT_OBJC_ISA_USAGE = YES_ERROR;
				CLANG_WARN_DOCUMENTATION_COMMENTS = YES;
				CLANG_WARN_EMPTY_BODY = YES;
				CLANG_WARN_ENUM_CONVERSION = YES;
				CLANG_WARN_INFINITE_RECURSION = YES;
				CLANG_WARN_INT_CONVERSION = YES;
				CLANG_WARN_NON_LITERAL_NULL_CONVERSION = YES;
				CLANG_WARN_OBJC_IMPLICIT_RETAIN_SELF = YES;
				CLANG_WARN_OBJC_LITERAL_CONVERSION = YES;
				CLANG_WARN_OBJC_ROOT_CLASS = YES_ERROR;
				CLANG_WARN_QUOTED_INCLUDE_IN_FRAMEWORK_HEADER = YES;
				CLANG_WARN_RANGE_LOOP_ANALYSIS = YES;
				CLANG_WARN_STRICT_PROTOTYPES = YES;
				CLANG_WARN_SUSPICIOUS_MOVE = YES;
				CLANG_WARN_UNGUARDED_AVAILABILITY = YES_AGGRESSIVE;
				CLANG_WARN_UNREACHABLE_CODE = YES;
				CLANG_WARN__DUPLICATE_METHOD_MATCH = YES;
				COPY_PHASE_STRIP = NO;
				DEBUG_INFORMATION_FORMAT = dwarf;
				ENABLE_STRICT_OBJC_MSGSEND = YES;
				ENABLE_TESTABILITY = YES;
				GCC_C_LANGUAGE_STANDARD = gnu11;
				GCC_DYNAMIC_NO_PIC = NO;
				GCC_NO_COMMON_BLOCKS = YES;
				GCC_OPTIMIZATION_LEVEL = 0;
				GCC_PREPROCESSOR_DEFINITIONS = (
					"DEBUG=1",
					"$(inherited)",
				);
				GCC_WARN_64_TO_32_BIT_CONVERSION = YES;
				GCC_WARN_ABOUT_RETURN_TYPE = YES_ERROR;
				GCC_WARN_UNDECLARED_SELECTOR = YES;
				GCC_WARN_UNINITIALIZED_AUTOS = YES_AGGRESSIVE;
				GCC_WARN_UNUSED_FUNCTION = YES;
				GCC_WARN_UNUSED_VARIABLE = YES;
				IPHONEOS_DEPLOYMENT_TARGET = 15.0;
				MTL_ENABLE_DEBUG_INFO = INCLUDE_SOURCE;
				MTL_FAST_MATH = YES;
				ONLY_ACTIVE_ARCH = YES;
				SDKROOT = iphoneos;
				SWIFT_ACTIVE_COMPILATION_CONDITIONS = DEBUG;
				SWIFT_OPTIMIZATION_LEVEL = "-Onone";
			};
			name = Debug;
		};
		9A4BBA1F2731BBCB00C2BB8D /* Release */ = {
			isa = XCBuildConfiguration;
			buildSettings = {
				ALWAYS_SEARCH_USER_PATHS = NO;
				CLANG_ANALYZER_NONNULL = YES;
				CLANG_ANALYZER_NUMBER_OBJECT_CONVERSION = YES_AGGRESSIVE;
				CLANG_CXX_LANGUAGE_STANDARD = "gnu++17";
				CLANG_CXX_LIBRARY = "libc++";
				CLANG_ENABLE_MODULES = YES;
				CLANG_ENABLE_OBJC_ARC = YES;
				CLANG_ENABLE_OBJC_WEAK = YES;
				CLANG_WARN_BLOCK_CAPTURE_AUTORELEASING = YES;
				CLANG_WARN_BOOL_CONVERSION = YES;
				CLANG_WARN_COMMA = YES;
				CLANG_WARN_CONSTANT_CONVERSION = YES;
				CLANG_WARN_DEPRECATED_OBJC_IMPLEMENTATIONS = YES;
				CLANG_WARN_DIRECT_OBJC_ISA_USAGE = YES_ERROR;
				CLANG_WARN_DOCUMENTATION_COMMENTS = YES;
				CLANG_WARN_EMPTY_BODY = YES;
				CLANG_WARN_ENUM_CONVERSION = YES;
				CLANG_WARN_INFINITE_RECURSION = YES;
				CLANG_WARN_INT_CONVERSION = YES;
				CLANG_WARN_NON_LITERAL_NULL_CONVERSION = YES;
				CLANG_WARN_OBJC_IMPLICIT_RETAIN_SELF = YES;
				CLANG_WARN_OBJC_LITERAL_CONVERSION = YES;
				CLANG_WARN_OBJC_ROOT_CLASS = YES_ERROR;
				CLANG_WARN_QUOTED_INCLUDE_IN_FRAMEWORK_HEADER = YES;
				CLANG_WARN_RANGE_LOOP_ANALYSIS = YES;
				CLANG_WARN_STRICT_PROTOTYPES = YES;
				CLANG_WARN_SUSPICIOUS_MOVE = YES;
				CLANG_WARN_UNGUARDED_AVAILABILITY = YES_AGGRESSIVE;
				CLANG_WARN_UNREACHABLE_CODE = YES;
				CLANG_WARN__DUPLICATE_METHOD_MATCH = YES;
				COPY_PHASE_STRIP = NO;
				DEBUG_INFORMATION_FORMAT = "dwarf-with-dsym";
				ENABLE_NS_ASSERTIONS = NO;
				ENABLE_STRICT_OBJC_MSGSEND = YES;
				GCC_C_LANGUAGE_STANDARD = gnu11;
				GCC_NO_COMMON_BLOCKS = YES;
				GCC_WARN_64_TO_32_BIT_CONVERSION = YES;
				GCC_WARN_ABOUT_RETURN_TYPE = YES_ERROR;
				GCC_WARN_UNDECLARED_SELECTOR = YES;
				GCC_WARN_UNINITIALIZED_AUTOS = YES_AGGRESSIVE;
				GCC_WARN_UNUSED_FUNCTION = YES;
				GCC_WARN_UNUSED_VARIABLE = YES;
				IPHONEOS_DEPLOYMENT_TARGET = 15.0;
				MTL_ENABLE_DEBUG_INFO = NO;
				MTL_FAST_MATH = YES;
				SDKROOT = iphoneos;
				SWIFT_COMPILATION_MODE = wholemodule;
				SWIFT_OPTIMIZATION_LEVEL = "-O";
				VALIDATE_PRODUCT = YES;
			};
			name = Release;
		};
		9A4BBA212731BBCB00C2BB8D /* Debug */ = {
			isa = XCBuildConfiguration;
			buildSettings = {
				ASSETCATALOG_COMPILER_APPICON_NAME = AppIcon;
				ASSETCATALOG_COMPILER_GLOBAL_ACCENT_COLOR_NAME = AccentColor;
				CODE_SIGN_STYLE = Automatic;
				CURRENT_PROJECT_VERSION = 1;
				GENERATE_INFOPLIST_FILE = YES;
				INFOPLIST_FILE = ProjectAfrah/Info.plist;
				INFOPLIST_KEY_UIApplicationSupportsIndirectInputEvents = YES;
				INFOPLIST_KEY_UILaunchStoryboardName = LaunchScreen;
				INFOPLIST_KEY_UIMainStoryboardFile = Main;
				INFOPLIST_KEY_UISupportedInterfaceOrientations_iPad = "UIInterfaceOrientationPortrait UIInterfaceOrientationPortraitUpsideDown UIInterfaceOrientationLandscapeLeft UIInterfaceOrientationLandscapeRight";
				INFOPLIST_KEY_UISupportedInterfaceOrientations_iPhone = "UIInterfaceOrientationPortrait UIInterfaceOrientationLandscapeLeft UIInterfaceOrientationLandscapeRight";
				LD_RUNPATH_SEARCH_PATHS = (
					"$(inherited)",
					"@executable_path/Frameworks",
				);
				MARKETING_VERSION = 1.0;
				PRODUCT_BUNDLE_IDENTIFIER = "tuwaiq-iosa.ProjectAfrah";
				PRODUCT_NAME = "$(TARGET_NAME)";
				SWIFT_EMIT_LOC_STRINGS = YES;
				SWIFT_VERSION = 5.0;
				TARGETED_DEVICE_FAMILY = "1,2";
			};
			name = Debug;
		};
		9A4BBA222731BBCB00C2BB8D /* Release */ = {
			isa = XCBuildConfiguration;
			buildSettings = {
				ASSETCATALOG_COMPILER_APPICON_NAME = AppIcon;
				ASSETCATALOG_COMPILER_GLOBAL_ACCENT_COLOR_NAME = AccentColor;
				CODE_SIGN_STYLE = Automatic;
				CURRENT_PROJECT_VERSION = 1;
				GENERATE_INFOPLIST_FILE = YES;
				INFOPLIST_FILE = ProjectAfrah/Info.plist;
				INFOPLIST_KEY_UIApplicationSupportsIndirectInputEvents = YES;
				INFOPLIST_KEY_UILaunchStoryboardName = LaunchScreen;
				INFOPLIST_KEY_UIMainStoryboardFile = Main;
				INFOPLIST_KEY_UISupportedInterfaceOrientations_iPad = "UIInterfaceOrientationPortrait UIInterfaceOrientationPortraitUpsideDown UIInterfaceOrientationLandscapeLeft UIInterfaceOrientationLandscapeRight";
				INFOPLIST_KEY_UISupportedInterfaceOrientations_iPhone = "UIInterfaceOrientationPortrait UIInterfaceOrientationLandscapeLeft UIInterfaceOrientationLandscapeRight";
				LD_RUNPATH_SEARCH_PATHS = (
					"$(inherited)",
					"@executable_path/Frameworks",
				);
				MARKETING_VERSION = 1.0;
				PRODUCT_BUNDLE_IDENTIFIER = "tuwaiq-iosa.ProjectAfrah";
				PRODUCT_NAME = "$(TARGET_NAME)";
				SWIFT_EMIT_LOC_STRINGS = YES;
				SWIFT_VERSION = 5.0;
				TARGETED_DEVICE_FAMILY = "1,2";
			};
			name = Release;
		};
		9A4BBA242731BBCB00C2BB8D /* Debug */ = {
			isa = XCBuildConfiguration;
			buildSettings = {
				ALWAYS_EMBED_SWIFT_STANDARD_LIBRARIES = YES;
				BUNDLE_LOADER = "$(TEST_HOST)";
				CODE_SIGN_STYLE = Automatic;
				CURRENT_PROJECT_VERSION = 1;
				GENERATE_INFOPLIST_FILE = YES;
				IPHONEOS_DEPLOYMENT_TARGET = 15.0;
				LD_RUNPATH_SEARCH_PATHS = (
					"$(inherited)",
					"@executable_path/Frameworks",
					"@loader_path/Frameworks",
				);
				MARKETING_VERSION = 1.0;
				PRODUCT_BUNDLE_IDENTIFIER = "tuwaiq-iosa.ProjectAfrahTests";
				PRODUCT_NAME = "$(TARGET_NAME)";
				SWIFT_EMIT_LOC_STRINGS = NO;
				SWIFT_VERSION = 5.0;
				TARGETED_DEVICE_FAMILY = "1,2";
				TEST_HOST = "$(BUILT_PRODUCTS_DIR)/ProjectAfrah.app/ProjectAfrah";
			};
			name = Debug;
		};
		9A4BBA252731BBCB00C2BB8D /* Release */ = {
			isa = XCBuildConfiguration;
			buildSettings = {
				ALWAYS_EMBED_SWIFT_STANDARD_LIBRARIES = YES;
				BUNDLE_LOADER = "$(TEST_HOST)";
				CODE_SIGN_STYLE = Automatic;
				CURRENT_PROJECT_VERSION = 1;
				GENERATE_INFOPLIST_FILE = YES;
				IPHONEOS_DEPLOYMENT_TARGET = 15.0;
				LD_RUNPATH_SEARCH_PATHS = (
					"$(inherited)",
					"@executable_path/Frameworks",
					"@loader_path/Frameworks",
				);
				MARKETING_VERSION = 1.0;
				PRODUCT_BUNDLE_IDENTIFIER = "tuwaiq-iosa.ProjectAfrahTests";
				PRODUCT_NAME = "$(TARGET_NAME)";
				SWIFT_EMIT_LOC_STRINGS = NO;
				SWIFT_VERSION = 5.0;
				TARGETED_DEVICE_FAMILY = "1,2";
				TEST_HOST = "$(BUILT_PRODUCTS_DIR)/ProjectAfrah.app/ProjectAfrah";
			};
			name = Release;
		};
		9A4BBA272731BBCB00C2BB8D /* Debug */ = {
			isa = XCBuildConfiguration;
			buildSettings = {
				ALWAYS_EMBED_SWIFT_STANDARD_LIBRARIES = YES;
				CODE_SIGN_STYLE = Automatic;
				CURRENT_PROJECT_VERSION = 1;
				GENERATE_INFOPLIST_FILE = YES;
				LD_RUNPATH_SEARCH_PATHS = (
					"$(inherited)",
					"@executable_path/Frameworks",
					"@loader_path/Frameworks",
				);
				MARKETING_VERSION = 1.0;
				PRODUCT_BUNDLE_IDENTIFIER = "tuwaiq-iosa.ProjectAfrahUITests";
				PRODUCT_NAME = "$(TARGET_NAME)";
				SWIFT_EMIT_LOC_STRINGS = NO;
				SWIFT_VERSION = 5.0;
				TARGETED_DEVICE_FAMILY = "1,2";
				TEST_TARGET_NAME = ProjectAfrah;
			};
			name = Debug;
		};
		9A4BBA282731BBCB00C2BB8D /* Release */ = {
			isa = XCBuildConfiguration;
			buildSettings = {
				ALWAYS_EMBED_SWIFT_STANDARD_LIBRARIES = YES;
				CODE_SIGN_STYLE = Automatic;
				CURRENT_PROJECT_VERSION = 1;
				GENERATE_INFOPLIST_FILE = YES;
				LD_RUNPATH_SEARCH_PATHS = (
					"$(inherited)",
					"@executable_path/Frameworks",
					"@loader_path/Frameworks",
				);
				MARKETING_VERSION = 1.0;
				PRODUCT_BUNDLE_IDENTIFIER = "tuwaiq-iosa.ProjectAfrahUITests";
				PRODUCT_NAME = "$(TARGET_NAME)";
				SWIFT_EMIT_LOC_STRINGS = NO;
				SWIFT_VERSION = 5.0;
				TARGETED_DEVICE_FAMILY = "1,2";
				TEST_TARGET_NAME = ProjectAfrah;
			};
			name = Release;
		};
/* End XCBuildConfiguration section */

/* Begin XCConfigurationList section */
		9A4BB9F12731BBCA00C2BB8D /* Build configuration list for PBXProject "ProjectAfrah" */ = {
			isa = XCConfigurationList;
			buildConfigurations = (
				9A4BBA1E2731BBCB00C2BB8D /* Debug */,
				9A4BBA1F2731BBCB00C2BB8D /* Release */,
			);
			defaultConfigurationIsVisible = 0;
			defaultConfigurationName = Release;
		};
		9A4BBA202731BBCB00C2BB8D /* Build configuration list for PBXNativeTarget "ProjectAfrah" */ = {
			isa = XCConfigurationList;
			buildConfigurations = (
				9A4BBA212731BBCB00C2BB8D /* Debug */,
				9A4BBA222731BBCB00C2BB8D /* Release */,
			);
			defaultConfigurationIsVisible = 0;
			defaultConfigurationName = Release;
		};
		9A4BBA232731BBCB00C2BB8D /* Build configuration list for PBXNativeTarget "ProjectAfrahTests" */ = {
			isa = XCConfigurationList;
			buildConfigurations = (
				9A4BBA242731BBCB00C2BB8D /* Debug */,
				9A4BBA252731BBCB00C2BB8D /* Release */,
			);
			defaultConfigurationIsVisible = 0;
			defaultConfigurationName = Release;
		};
		9A4BBA262731BBCB00C2BB8D /* Build configuration list for PBXNativeTarget "ProjectAfrahUITests" */ = {
			isa = XCConfigurationList;
			buildConfigurations = (
				9A4BBA272731BBCB00C2BB8D /* Debug */,
				9A4BBA282731BBCB00C2BB8D /* Release */,
			);
			defaultConfigurationIsVisible = 0;
			defaultConfigurationName = Release;
		};
/* End XCConfigurationList section */
	};
	rootObject = 9A4BB9EE2731BBCA00C2BB8D /* Project object */;
}
