// !$*UTF8*$!
{
	archiveVersion = 1;
	classes = {
	};
	objectVersion = 55;
	objects = {

/* Begin PBXBuildFile section */
		EE322D432731B36900425048 /* ViewController2.swift in Sources */ = {isa = PBXBuildFile; fileRef = EE322D422731B36900425048 /* ViewController2.swift */; };
		EE582942273173D20046A57B /* AppDelegate.swift in Sources */ = {isa = PBXBuildFile; fileRef = EE582941273173D20046A57B /* AppDelegate.swift */; };
		EE582944273173D20046A57B /* SceneDelegate.swift in Sources */ = {isa = PBXBuildFile; fileRef = EE582943273173D20046A57B /* SceneDelegate.swift */; };
		EE582946273173D20046A57B /* ViewController.swift in Sources */ = {isa = PBXBuildFile; fileRef = EE582945273173D20046A57B /* ViewController.swift */; };
		EE582949273173D20046A57B /* Main.storyboard in Resources */ = {isa = PBXBuildFile; fileRef = EE582947273173D20046A57B /* Main.storyboard */; };
		EE58294B273173D90046A57B /* Assets.xcassets in Resources */ = {isa = PBXBuildFile; fileRef = EE58294A273173D90046A57B /* Assets.xcassets */; };
		EE58294E273173D90046A57B /* LaunchScreen.storyboard in Resources */ = {isa = PBXBuildFile; fileRef = EE58294C273173D90046A57B /* LaunchScreen.storyboard */; };
		EE582959273173D90046A57B /* MaramFaqih_Project02_JizanFantasyTests.swift in Sources */ = {isa = PBXBuildFile; fileRef = EE582958273173D90046A57B /* MaramFaqih_Project02_JizanFantasyTests.swift */; };
		EE582963273173D90046A57B /* MaramFaqih_Project02_JizanFantasyUITests.swift in Sources */ = {isa = PBXBuildFile; fileRef = EE582962273173D90046A57B /* MaramFaqih_Project02_JizanFantasyUITests.swift */; };
		EE582965273173D90046A57B /* MaramFaqih_Project02_JizanFantasyUITestsLaunchTests.swift in Sources */ = {isa = PBXBuildFile; fileRef = EE582964273173D90046A57B /* MaramFaqih_Project02_JizanFantasyUITestsLaunchTests.swift */; };
/* End PBXBuildFile section */

/* Begin PBXContainerItemProxy section */
		EE582955273173D90046A57B /* PBXContainerItemProxy */ = {
			isa = PBXContainerItemProxy;
			containerPortal = EE582936273173D20046A57B /* Project object */;
			proxyType = 1;
			remoteGlobalIDString = EE58293D273173D20046A57B;
			remoteInfo = MaramFaqih_Project02_JizanFantasy;
		};
		EE58295F273173D90046A57B /* PBXContainerItemProxy */ = {
			isa = PBXContainerItemProxy;
			containerPortal = EE582936273173D20046A57B /* Project object */;
			proxyType = 1;
			remoteGlobalIDString = EE58293D273173D20046A57B;
			remoteInfo = MaramFaqih_Project02_JizanFantasy;
		};
/* End PBXContainerItemProxy section */

/* Begin PBXFileReference section */
		EE322D422731B36900425048 /* ViewController2.swift */ = {isa = PBXFileReference; lastKnownFileType = sourcecode.swift; path = ViewController2.swift; sourceTree = "<group>"; };
		EE58293E273173D20046A57B /* MaramFaqih_Project02_JizanFantasy.app */ = {isa = PBXFileReference; explicitFileType = wrapper.application; includeInIndex = 0; path = MaramFaqih_Project02_JizanFantasy.app; sourceTree = BUILT_PRODUCTS_DIR; };
		EE582941273173D20046A57B /* AppDelegate.swift */ = {isa = PBXFileReference; lastKnownFileType = sourcecode.swift; path = AppDelegate.swift; sourceTree = "<group>"; };
		EE582943273173D20046A57B /* SceneDelegate.swift */ = {isa = PBXFileReference; lastKnownFileType = sourcecode.swift; path = SceneDelegate.swift; sourceTree = "<group>"; };
		EE582945273173D20046A57B /* ViewController.swift */ = {isa = PBXFileReference; lastKnownFileType = sourcecode.swift; path = ViewController.swift; sourceTree = "<group>"; };
		EE582948273173D20046A57B /* Base */ = {isa = PBXFileReference; lastKnownFileType = file.storyboard; name = Base; path = Base.lproj/Main.storyboard; sourceTree = "<group>"; };
		EE58294A273173D90046A57B /* Assets.xcassets */ = {isa = PBXFileReference; lastKnownFileType = folder.assetcatalog; path = Assets.xcassets; sourceTree = "<group>"; };
		EE58294D273173D90046A57B /* Base */ = {isa = PBXFileReference; lastKnownFileType = file.storyboard; name = Base; path = Base.lproj/LaunchScreen.storyboard; sourceTree = "<group>"; };
		EE58294F273173D90046A57B /* Info.plist */ = {isa = PBXFileReference; lastKnownFileType = text.plist.xml; path = Info.plist; sourceTree = "<group>"; };
		EE582954273173D90046A57B /* MaramFaqih_Project02_JizanFantasyTests.xctest */ = {isa = PBXFileReference; explicitFileType = wrapper.cfbundle; includeInIndex = 0; path = MaramFaqih_Project02_JizanFantasyTests.xctest; sourceTree = BUILT_PRODUCTS_DIR; };
		EE582958273173D90046A57B /* MaramFaqih_Project02_JizanFantasyTests.swift */ = {isa = PBXFileReference; lastKnownFileType = sourcecode.swift; path = MaramFaqih_Project02_JizanFantasyTests.swift; sourceTree = "<group>"; };
		EE58295E273173D90046A57B /* MaramFaqih_Project02_JizanFantasyUITests.xctest */ = {isa = PBXFileReference; explicitFileType = wrapper.cfbundle; includeInIndex = 0; path = MaramFaqih_Project02_JizanFantasyUITests.xctest; sourceTree = BUILT_PRODUCTS_DIR; };
		EE582962273173D90046A57B /* MaramFaqih_Project02_JizanFantasyUITests.swift */ = {isa = PBXFileReference; lastKnownFileType = sourcecode.swift; path = MaramFaqih_Project02_JizanFantasyUITests.swift; sourceTree = "<group>"; };
		EE582964273173D90046A57B /* MaramFaqih_Project02_JizanFantasyUITestsLaunchTests.swift */ = {isa = PBXFileReference; lastKnownFileType = sourcecode.swift; path = MaramFaqih_Project02_JizanFantasyUITestsLaunchTests.swift; sourceTree = "<group>"; };
/* End PBXFileReference section */

/* Begin PBXFrameworksBuildPhase section */
		EE58293B273173D20046A57B /* Frameworks */ = {
			isa = PBXFrameworksBuildPhase;
			buildActionMask = 2147483647;
			files = (
			);
			runOnlyForDeploymentPostprocessing = 0;
		};
		EE582951273173D90046A57B /* Frameworks */ = {
			isa = PBXFrameworksBuildPhase;
			buildActionMask = 2147483647;
			files = (
			);
			runOnlyForDeploymentPostprocessing = 0;
		};
		EE58295B273173D90046A57B /* Frameworks */ = {
			isa = PBXFrameworksBuildPhase;
			buildActionMask = 2147483647;
			files = (
			);
			runOnlyForDeploymentPostprocessing = 0;
		};
/* End PBXFrameworksBuildPhase section */

/* Begin PBXGroup section */
		EE582935273173D20046A57B = {
			isa = PBXGroup;
			children = (
				EE582940273173D20046A57B /* MaramFaqih_Project02_JizanFantasy */,
				EE582957273173D90046A57B /* MaramFaqih_Project02_JizanFantasyTests */,
				EE582961273173D90046A57B /* MaramFaqih_Project02_JizanFantasyUITests */,
				EE58293F273173D20046A57B /* Products */,
			);
			sourceTree = "<group>";
		};
		EE58293F273173D20046A57B /* Products */ = {
			isa = PBXGroup;
			children = (
				EE58293E273173D20046A57B /* MaramFaqih_Project02_JizanFantasy.app */,
				EE582954273173D90046A57B /* MaramFaqih_Project02_JizanFantasyTests.xctest */,
				EE58295E273173D90046A57B /* MaramFaqih_Project02_JizanFantasyUITests.xctest */,
			);
			name = Products;
			sourceTree = "<group>";
		};
		EE582940273173D20046A57B /* MaramFaqih_Project02_JizanFantasy */ = {
			isa = PBXGroup;
			children = (
				EE322D422731B36900425048 /* ViewController2.swift */,
				EE582941273173D20046A57B /* AppDelegate.swift */,
				EE582943273173D20046A57B /* SceneDelegate.swift */,
				EE582945273173D20046A57B /* ViewController.swift */,
				EE582947273173D20046A57B /* Main.storyboard */,
				EE58294A273173D90046A57B /* Assets.xcassets */,
				EE58294C273173D90046A57B /* LaunchScreen.storyboard */,
				EE58294F273173D90046A57B /* Info.plist */,
			);
			path = MaramFaqih_Project02_JizanFantasy;
			sourceTree = "<group>";
		};
		EE582957273173D90046A57B /* MaramFaqih_Project02_JizanFantasyTests */ = {
			isa = PBXGroup;
			children = (
				EE582958273173D90046A57B /* MaramFaqih_Project02_JizanFantasyTests.swift */,
			);
			path = MaramFaqih_Project02_JizanFantasyTests;
			sourceTree = "<group>";
		};
		EE582961273173D90046A57B /* MaramFaqih_Project02_JizanFantasyUITests */ = {
			isa = PBXGroup;
			children = (
				EE582962273173D90046A57B /* MaramFaqih_Project02_JizanFantasyUITests.swift */,
				EE582964273173D90046A57B /* MaramFaqih_Project02_JizanFantasyUITestsLaunchTests.swift */,
			);
			path = MaramFaqih_Project02_JizanFantasyUITests;
			sourceTree = "<group>";
		};
/* End PBXGroup section */

/* Begin PBXNativeTarget section */
		EE58293D273173D20046A57B /* MaramFaqih_Project02_JizanFantasy */ = {
			isa = PBXNativeTarget;
			buildConfigurationList = EE582968273173D90046A57B /* Build configuration list for PBXNativeTarget "MaramFaqih_Project02_JizanFantasy" */;
			buildPhases = (
				EE58293A273173D20046A57B /* Sources */,
				EE58293B273173D20046A57B /* Frameworks */,
				EE58293C273173D20046A57B /* Resources */,
			);
			buildRules = (
			);
			dependencies = (
			);
			name = MaramFaqih_Project02_JizanFantasy;
			productName = MaramFaqih_Project02_JizanFantasy;
			productReference = EE58293E273173D20046A57B /* MaramFaqih_Project02_JizanFantasy.app */;
			productType = "com.apple.product-type.application";
		};
		EE582953273173D90046A57B /* MaramFaqih_Project02_JizanFantasyTests */ = {
			isa = PBXNativeTarget;
			buildConfigurationList = EE58296B273173D90046A57B /* Build configuration list for PBXNativeTarget "MaramFaqih_Project02_JizanFantasyTests" */;
			buildPhases = (
				EE582950273173D90046A57B /* Sources */,
				EE582951273173D90046A57B /* Frameworks */,
				EE582952273173D90046A57B /* Resources */,
			);
			buildRules = (
			);
			dependencies = (
				EE582956273173D90046A57B /* PBXTargetDependency */,
			);
			name = MaramFaqih_Project02_JizanFantasyTests;
			productName = MaramFaqih_Project02_JizanFantasyTests;
			productReference = EE582954273173D90046A57B /* MaramFaqih_Project02_JizanFantasyTests.xctest */;
			productType = "com.apple.product-type.bundle.unit-test";
		};
		EE58295D273173D90046A57B /* MaramFaqih_Project02_JizanFantasyUITests */ = {
			isa = PBXNativeTarget;
			buildConfigurationList = EE58296E273173D90046A57B /* Build configuration list for PBXNativeTarget "MaramFaqih_Project02_JizanFantasyUITests" */;
			buildPhases = (
				EE58295A273173D90046A57B /* Sources */,
				EE58295B273173D90046A57B /* Frameworks */,
				EE58295C273173D90046A57B /* Resources */,
			);
			buildRules = (
			);
			dependencies = (
				EE582960273173D90046A57B /* PBXTargetDependency */,
			);
			name = MaramFaqih_Project02_JizanFantasyUITests;
			productName = MaramFaqih_Project02_JizanFantasyUITests;
			productReference = EE58295E273173D90046A57B /* MaramFaqih_Project02_JizanFantasyUITests.xctest */;
			productType = "com.apple.product-type.bundle.ui-testing";
		};
/* End PBXNativeTarget section */

/* Begin PBXProject section */
		EE582936273173D20046A57B /* Project object */ = {
			isa = PBXProject;
			attributes = {
				BuildIndependentTargetsInParallel = 1;
				LastSwiftUpdateCheck = 1310;
				LastUpgradeCheck = 1310;
				TargetAttributes = {
					EE58293D273173D20046A57B = {
						CreatedOnToolsVersion = 13.1;
					};
					EE582953273173D90046A57B = {
						CreatedOnToolsVersion = 13.1;
						TestTargetID = EE58293D273173D20046A57B;
					};
					EE58295D273173D90046A57B = {
						CreatedOnToolsVersion = 13.1;
						TestTargetID = EE58293D273173D20046A57B;
					};
				};
			};
			buildConfigurationList = EE582939273173D20046A57B /* Build configuration list for PBXProject "MaramFaqih_Project02_JizanFantasy" */;
			compatibilityVersion = "Xcode 13.0";
			developmentRegion = en;
			hasScannedForEncodings = 0;
			knownRegions = (
				en,
				Base,
			);
			mainGroup = EE582935273173D20046A57B;
			productRefGroup = EE58293F273173D20046A57B /* Products */;
			projectDirPath = "";
			projectRoot = "";
			targets = (
				EE58293D273173D20046A57B /* MaramFaqih_Project02_JizanFantasy */,
				EE582953273173D90046A57B /* MaramFaqih_Project02_JizanFantasyTests */,
				EE58295D273173D90046A57B /* MaramFaqih_Project02_JizanFantasyUITests */,
			);
		};
/* End PBXProject section */

/* Begin PBXResourcesBuildPhase section */
		EE58293C273173D20046A57B /* Resources */ = {
			isa = PBXResourcesBuildPhase;
			buildActionMask = 2147483647;
			files = (
				EE58294E273173D90046A57B /* LaunchScreen.storyboard in Resources */,
				EE58294B273173D90046A57B /* Assets.xcassets in Resources */,
				EE582949273173D20046A57B /* Main.storyboard in Resources */,
			);
			runOnlyForDeploymentPostprocessing = 0;
		};
		EE582952273173D90046A57B /* Resources */ = {
			isa = PBXResourcesBuildPhase;
			buildActionMask = 2147483647;
			files = (
			);
			runOnlyForDeploymentPostprocessing = 0;
		};
		EE58295C273173D90046A57B /* Resources */ = {
			isa = PBXResourcesBuildPhase;
			buildActionMask = 2147483647;
			files = (
			);
			runOnlyForDeploymentPostprocessing = 0;
		};
/* End PBXResourcesBuildPhase section */

/* Begin PBXSourcesBuildPhase section */
		EE58293A273173D20046A57B /* Sources */ = {
			isa = PBXSourcesBuildPhase;
			buildActionMask = 2147483647;
			files = (
				EE582946273173D20046A57B /* ViewController.swift in Sources */,
				EE322D432731B36900425048 /* ViewController2.swift in Sources */,
				EE582942273173D20046A57B /* AppDelegate.swift in Sources */,
				EE582944273173D20046A57B /* SceneDelegate.swift in Sources */,
			);
			runOnlyForDeploymentPostprocessing = 0;
		};
		EE582950273173D90046A57B /* Sources */ = {
			isa = PBXSourcesBuildPhase;
			buildActionMask = 2147483647;
			files = (
				EE582959273173D90046A57B /* MaramFaqih_Project02_JizanFantasyTests.swift in Sources */,
			);
			runOnlyForDeploymentPostprocessing = 0;
		};
		EE58295A273173D90046A57B /* Sources */ = {
			isa = PBXSourcesBuildPhase;
			buildActionMask = 2147483647;
			files = (
				EE582963273173D90046A57B /* MaramFaqih_Project02_JizanFantasyUITests.swift in Sources */,
				EE582965273173D90046A57B /* MaramFaqih_Project02_JizanFantasyUITestsLaunchTests.swift in Sources */,
			);
			runOnlyForDeploymentPostprocessing = 0;
		};
/* End PBXSourcesBuildPhase section */

/* Begin PBXTargetDependency section */
		EE582956273173D90046A57B /* PBXTargetDependency */ = {
			isa = PBXTargetDependency;
			target = EE58293D273173D20046A57B /* MaramFaqih_Project02_JizanFantasy */;
			targetProxy = EE582955273173D90046A57B /* PBXContainerItemProxy */;
		};
		EE582960273173D90046A57B /* PBXTargetDependency */ = {
			isa = PBXTargetDependency;
			target = EE58293D273173D20046A57B /* MaramFaqih_Project02_JizanFantasy */;
			targetProxy = EE58295F273173D90046A57B /* PBXContainerItemProxy */;
		};
/* End PBXTargetDependency section */

/* Begin PBXVariantGroup section */
		EE582947273173D20046A57B /* Main.storyboard */ = {
			isa = PBXVariantGroup;
			children = (
				EE582948273173D20046A57B /* Base */,
			);
			name = Main.storyboard;
			sourceTree = "<group>";
		};
		EE58294C273173D90046A57B /* LaunchScreen.storyboard */ = {
			isa = PBXVariantGroup;
			children = (
				EE58294D273173D90046A57B /* Base */,
			);
			name = LaunchScreen.storyboard;
			sourceTree = "<group>";
		};
/* End PBXVariantGroup section */

/* Begin XCBuildConfiguration section */
		EE582966273173D90046A57B /* Debug */ = {
			isa = XCBuildConfiguration;
			buildSettings = {
				ALWAYS_SEARCH_USER_PATHS = NO;
				CLANG_ANALYZER_NONNULL = YES;
				CLANG_ANALYZER_NUMBER_OBJECT_CONVERSION = YES_AGGRESSIVE;
				CLANG_CXX_LANGUAGE_STANDARD = "gnu++17";
				CLANG_CXX_LIBRARY = "libc++";
				CLANG_ENABLE_MODULES = YES;
				CLANG_ENABLE_OBJC_ARC = YES;
				CLANG_ENABLE_OBJC_WEAK = YES;
				CLANG_WARN_BLOCK_CAPTURE_AUTORELEASING = YES;
				CLANG_WARN_BOOL_CONVERSION = YES;
				CLANG_WARN_COMMA = YES;
				CLANG_WARN_CONSTANT_CONVERSION = YES;
				CLANG_WARN_DEPRECATED_OBJC_IMPLEMENTATIONS = YES;
				CLANG_WARN_DIRECT_OBJC_ISA_USAGE = YES_ERROR;
				CLANG_WARN_DOCUMENTATION_COMMENTS = YES;
				CLANG_WARN_EMPTY_BODY = YES;
				CLANG_WARN_ENUM_CONVERSION = YES;
				CLANG_WARN_INFINITE_RECURSION = YES;
				CLANG_WARN_INT_CONVERSION = YES;
				CLANG_WARN_NON_LITERAL_NULL_CONVERSION = YES;
				CLANG_WARN_OBJC_IMPLICIT_RETAIN_SELF = YES;
				CLANG_WARN_OBJC_LITERAL_CONVERSION = YES;
				CLANG_WARN_OBJC_ROOT_CLASS = YES_ERROR;
				CLANG_WARN_QUOTED_INCLUDE_IN_FRAMEWORK_HEADER = YES;
				CLANG_WARN_RANGE_LOOP_ANALYSIS = YES;
				CLANG_WARN_STRICT_PROTOTYPES = YES;
				CLANG_WARN_SUSPICIOUS_MOVE = YES;
				CLANG_WARN_UNGUARDED_AVAILABILITY = YES_AGGRESSIVE;
				CLANG_WARN_UNREACHABLE_CODE = YES;
				CLANG_WARN__DUPLICATE_METHOD_MATCH = YES;
				COPY_PHASE_STRIP = NO;
				DEBUG_INFORMATION_FORMAT = dwarf;
				ENABLE_STRICT_OBJC_MSGSEND = YES;
				ENABLE_TESTABILITY = YES;
				GCC_C_LANGUAGE_STANDARD = gnu11;
				GCC_DYNAMIC_NO_PIC = NO;
				GCC_NO_COMMON_BLOCKS = YES;
				GCC_OPTIMIZATION_LEVEL = 0;
				GCC_PREPROCESSOR_DEFINITIONS = (
					"DEBUG=1",
					"$(inherited)",
				);
				GCC_WARN_64_TO_32_BIT_CONVERSION = YES;
				GCC_WARN_ABOUT_RETURN_TYPE = YES_ERROR;
				GCC_WARN_UNDECLARED_SELECTOR = YES;
				GCC_WARN_UNINITIALIZED_AUTOS = YES_AGGRESSIVE;
				GCC_WARN_UNUSED_FUNCTION = YES;
				GCC_WARN_UNUSED_VARIABLE = YES;
				IPHONEOS_DEPLOYMENT_TARGET = 15.0;
				MTL_ENABLE_DEBUG_INFO = INCLUDE_SOURCE;
				MTL_FAST_MATH = YES;
				ONLY_ACTIVE_ARCH = YES;
				SDKROOT = iphoneos;
				SWIFT_ACTIVE_COMPILATION_CONDITIONS = DEBUG;
				SWIFT_OPTIMIZATION_LEVEL = "-Onone";
			};
			name = Debug;
		};
		EE582967273173D90046A57B /* Release */ = {
			isa = XCBuildConfiguration;
			buildSettings = {
				ALWAYS_SEARCH_USER_PATHS = NO;
				CLANG_ANALYZER_NONNULL = YES;
				CLANG_ANALYZER_NUMBER_OBJECT_CONVERSION = YES_AGGRESSIVE;
				CLANG_CXX_LANGUAGE_STANDARD = "gnu++17";
				CLANG_CXX_LIBRARY = "libc++";
				CLANG_ENABLE_MODULES = YES;
				CLANG_ENABLE_OBJC_ARC = YES;
				CLANG_ENABLE_OBJC_WEAK = YES;
				CLANG_WARN_BLOCK_CAPTURE_AUTORELEASING = YES;
				CLANG_WARN_BOOL_CONVERSION = YES;
				CLANG_WARN_COMMA = YES;
				CLANG_WARN_CONSTANT_CONVERSION = YES;
				CLANG_WARN_DEPRECATED_OBJC_IMPLEMENTATIONS = YES;
				CLANG_WARN_DIRECT_OBJC_ISA_USAGE = YES_ERROR;
				CLANG_WARN_DOCUMENTATION_COMMENTS = YES;
				CLANG_WARN_EMPTY_BODY = YES;
				CLANG_WARN_ENUM_CONVERSION = YES;
				CLANG_WARN_INFINITE_RECURSION = YES;
				CLANG_WARN_INT_CONVERSION = YES;
				CLANG_WARN_NON_LITERAL_NULL_CONVERSION = YES;
				CLANG_WARN_OBJC_IMPLICIT_RETAIN_SELF = YES;
				CLANG_WARN_OBJC_LITERAL_CONVERSION = YES;
				CLANG_WARN_OBJC_ROOT_CLASS = YES_ERROR;
				CLANG_WARN_QUOTED_INCLUDE_IN_FRAMEWORK_HEADER = YES;
				CLANG_WARN_RANGE_LOOP_ANALYSIS = YES;
				CLANG_WARN_STRICT_PROTOTYPES = YES;
				CLANG_WARN_SUSPICIOUS_MOVE = YES;
				CLANG_WARN_UNGUARDED_AVAILABILITY = YES_AGGRESSIVE;
				CLANG_WARN_UNREACHABLE_CODE = YES;
				CLANG_WARN__DUPLICATE_METHOD_MATCH = YES;
				COPY_PHASE_STRIP = NO;
				DEBUG_INFORMATION_FORMAT = "dwarf-with-dsym";
				ENABLE_NS_ASSERTIONS = NO;
				ENABLE_STRICT_OBJC_MSGSEND = YES;
				GCC_C_LANGUAGE_STANDARD = gnu11;
				GCC_NO_COMMON_BLOCKS = YES;
				GCC_WARN_64_TO_32_BIT_CONVERSION = YES;
				GCC_WARN_ABOUT_RETURN_TYPE = YES_ERROR;
				GCC_WARN_UNDECLARED_SELECTOR = YES;
				GCC_WARN_UNINITIALIZED_AUTOS = YES_AGGRESSIVE;
				GCC_WARN_UNUSED_FUNCTION = YES;
				GCC_WARN_UNUSED_VARIABLE = YES;
				IPHONEOS_DEPLOYMENT_TARGET = 15.0;
				MTL_ENABLE_DEBUG_INFO = NO;
				MTL_FAST_MATH = YES;
				SDKROOT = iphoneos;
				SWIFT_COMPILATION_MODE = wholemodule;
				SWIFT_OPTIMIZATION_LEVEL = "-O";
				VALIDATE_PRODUCT = YES;
			};
			name = Release;
		};
		EE582969273173D90046A57B /* Debug */ = {
			isa = XCBuildConfiguration;
			buildSettings = {
				ASSETCATALOG_COMPILER_APPICON_NAME = AppIcon;
				ASSETCATALOG_COMPILER_GLOBAL_ACCENT_COLOR_NAME = AccentColor;
				CODE_SIGN_STYLE = Automatic;
				CURRENT_PROJECT_VERSION = 1;
				GENERATE_INFOPLIST_FILE = YES;
				INFOPLIST_FILE = MaramFaqih_Project02_JizanFantasy/Info.plist;
				INFOPLIST_KEY_UIApplicationSupportsIndirectInputEvents = YES;
				INFOPLIST_KEY_UILaunchStoryboardName = LaunchScreen;
				INFOPLIST_KEY_UIMainStoryboardFile = Main;
				INFOPLIST_KEY_UISupportedInterfaceOrientations_iPad = "UIInterfaceOrientationPortrait UIInterfaceOrientationPortraitUpsideDown UIInterfaceOrientationLandscapeLeft UIInterfaceOrientationLandscapeRight";
				INFOPLIST_KEY_UISupportedInterfaceOrientations_iPhone = "UIInterfaceOrientationPortrait UIInterfaceOrientationLandscapeLeft UIInterfaceOrientationLandscapeRight";
				LD_RUNPATH_SEARCH_PATHS = (
					"$(inherited)",
					"@executable_path/Frameworks",
				);
				MARKETING_VERSION = 1.0;
				PRODUCT_BUNDLE_IDENTIFIER = "no.MaramFaqih-Project02-JizanFantasy";
				PRODUCT_NAME = "$(TARGET_NAME)";
				SWIFT_EMIT_LOC_STRINGS = YES;
				SWIFT_VERSION = 5.0;
				TARGETED_DEVICE_FAMILY = "1,2";
			};
			name = Debug;
		};
		EE58296A273173D90046A57B /* Release */ = {
			isa = XCBuildConfiguration;
			buildSettings = {
				ASSETCATALOG_COMPILER_APPICON_NAME = AppIcon;
				ASSETCATALOG_COMPILER_GLOBAL_ACCENT_COLOR_NAME = AccentColor;
				CODE_SIGN_STYLE = Automatic;
				CURRENT_PROJECT_VERSION = 1;
				GENERATE_INFOPLIST_FILE = YES;
				INFOPLIST_FILE = MaramFaqih_Project02_JizanFantasy/Info.plist;
				INFOPLIST_KEY_UIApplicationSupportsIndirectInputEvents = YES;
				INFOPLIST_KEY_UILaunchStoryboardName = LaunchScreen;
				INFOPLIST_KEY_UIMainStoryboardFile = Main;
				INFOPLIST_KEY_UISupportedInterfaceOrientations_iPad = "UIInterfaceOrientationPortrait UIInterfaceOrientationPortraitUpsideDown UIInterfaceOrientationLandscapeLeft UIInterfaceOrientationLandscapeRight";
				INFOPLIST_KEY_UISupportedInterfaceOrientations_iPhone = "UIInterfaceOrientationPortrait UIInterfaceOrientationLandscapeLeft UIInterfaceOrientationLandscapeRight";
				LD_RUNPATH_SEARCH_PATHS = (
					"$(inherited)",
					"@executable_path/Frameworks",
				);
				MARKETING_VERSION = 1.0;
				PRODUCT_BUNDLE_IDENTIFIER = "no.MaramFaqih-Project02-JizanFantasy";
				PRODUCT_NAME = "$(TARGET_NAME)";
				SWIFT_EMIT_LOC_STRINGS = YES;
				SWIFT_VERSION = 5.0;
				TARGETED_DEVICE_FAMILY = "1,2";
			};
			name = Release;
		};
		EE58296C273173D90046A57B /* Debug */ = {
			isa = XCBuildConfiguration;
			buildSettings = {
				ALWAYS_EMBED_SWIFT_STANDARD_LIBRARIES = YES;
				BUNDLE_LOADER = "$(TEST_HOST)";
				CODE_SIGN_STYLE = Automatic;
				CURRENT_PROJECT_VERSION = 1;
				GENERATE_INFOPLIST_FILE = YES;
				IPHONEOS_DEPLOYMENT_TARGET = 15.0;
				LD_RUNPATH_SEARCH_PATHS = (
					"$(inherited)",
					"@executable_path/Frameworks",
					"@loader_path/Frameworks",
				);
				MARKETING_VERSION = 1.0;
				PRODUCT_BUNDLE_IDENTIFIER = "no.MaramFaqih-Project02-JizanFantasyTests";
				PRODUCT_NAME = "$(TARGET_NAME)";
				SWIFT_EMIT_LOC_STRINGS = NO;
				SWIFT_VERSION = 5.0;
				TARGETED_DEVICE_FAMILY = "1,2";
				TEST_HOST = "$(BUILT_PRODUCTS_DIR)/MaramFaqih_Project02_JizanFantasy.app/MaramFaqih_Project02_JizanFantasy";
			};
			name = Debug;
		};
		EE58296D273173D90046A57B /* Release */ = {
			isa = XCBuildConfiguration;
			buildSettings = {
				ALWAYS_EMBED_SWIFT_STANDARD_LIBRARIES = YES;
				BUNDLE_LOADER = "$(TEST_HOST)";
				CODE_SIGN_STYLE = Automatic;
				CURRENT_PROJECT_VERSION = 1;
				GENERATE_INFOPLIST_FILE = YES;
				IPHONEOS_DEPLOYMENT_TARGET = 15.0;
				LD_RUNPATH_SEARCH_PATHS = (
					"$(inherited)",
					"@executable_path/Frameworks",
					"@loader_path/Frameworks",
				);
				MARKETING_VERSION = 1.0;
				PRODUCT_BUNDLE_IDENTIFIER = "no.MaramFaqih-Project02-JizanFantasyTests";
				PRODUCT_NAME = "$(TARGET_NAME)";
				SWIFT_EMIT_LOC_STRINGS = NO;
				SWIFT_VERSION = 5.0;
				TARGETED_DEVICE_FAMILY = "1,2";
				TEST_HOST = "$(BUILT_PRODUCTS_DIR)/MaramFaqih_Project02_JizanFantasy.app/MaramFaqih_Project02_JizanFantasy";
			};
			name = Release;
		};
		EE58296F273173D90046A57B /* Debug */ = {
			isa = XCBuildConfiguration;
			buildSettings = {
				ALWAYS_EMBED_SWIFT_STANDARD_LIBRARIES = YES;
				CODE_SIGN_STYLE = Automatic;
				CURRENT_PROJECT_VERSION = 1;
				GENERATE_INFOPLIST_FILE = YES;
				LD_RUNPATH_SEARCH_PATHS = (
					"$(inherited)",
					"@executable_path/Frameworks",
					"@loader_path/Frameworks",
				);
				MARKETING_VERSION = 1.0;
				PRODUCT_BUNDLE_IDENTIFIER = "no.MaramFaqih-Project02-JizanFantasyUITests";
				PRODUCT_NAME = "$(TARGET_NAME)";
				SWIFT_EMIT_LOC_STRINGS = NO;
				SWIFT_VERSION = 5.0;
				TARGETED_DEVICE_FAMILY = "1,2";
				TEST_TARGET_NAME = MaramFaqih_Project02_JizanFantasy;
			};
			name = Debug;
		};
		EE582970273173D90046A57B /* Release */ = {
			isa = XCBuildConfiguration;
			buildSettings = {
				ALWAYS_EMBED_SWIFT_STANDARD_LIBRARIES = YES;
				CODE_SIGN_STYLE = Automatic;
				CURRENT_PROJECT_VERSION = 1;
				GENERATE_INFOPLIST_FILE = YES;
				LD_RUNPATH_SEARCH_PATHS = (
					"$(inherited)",
					"@executable_path/Frameworks",
					"@loader_path/Frameworks",
				);
				MARKETING_VERSION = 1.0;
				PRODUCT_BUNDLE_IDENTIFIER = "no.MaramFaqih-Project02-JizanFantasyUITests";
				PRODUCT_NAME = "$(TARGET_NAME)";
				SWIFT_EMIT_LOC_STRINGS = NO;
				SWIFT_VERSION = 5.0;
				TARGETED_DEVICE_FAMILY = "1,2";
				TEST_TARGET_NAME = MaramFaqih_Project02_JizanFantasy;
			};
			name = Release;
		};
/* End XCBuildConfiguration section */

/* Begin XCConfigurationList section */
		EE582939273173D20046A57B /* Build configuration list for PBXProject "MaramFaqih_Project02_JizanFantasy" */ = {
			isa = XCConfigurationList;
			buildConfigurations = (
				EE582966273173D90046A57B /* Debug */,
				EE582967273173D90046A57B /* Release */,
			);
			defaultConfigurationIsVisible = 0;
			defaultConfigurationName = Release;
		};
		EE582968273173D90046A57B /* Build configuration list for PBXNativeTarget "MaramFaqih_Project02_JizanFantasy" */ = {
			isa = XCConfigurationList;
			buildConfigurations = (
				EE582969273173D90046A57B /* Debug */,
				EE58296A273173D90046A57B /* Release */,
			);
			defaultConfigurationIsVisible = 0;
			defaultConfigurationName = Release;
		};
		EE58296B273173D90046A57B /* Build configuration list for PBXNativeTarget "MaramFaqih_Project02_JizanFantasyTests" */ = {
			isa = XCConfigurationList;
			buildConfigurations = (
				EE58296C273173D90046A57B /* Debug */,
				EE58296D273173D90046A57B /* Release */,
			);
			defaultConfigurationIsVisible = 0;
			defaultConfigurationName = Release;
		};
		EE58296E273173D90046A57B /* Build configuration list for PBXNativeTarget "MaramFaqih_Project02_JizanFantasyUITests" */ = {
			isa = XCConfigurationList;
			buildConfigurations = (
				EE58296F273173D90046A57B /* Debug */,
				EE582970273173D90046A57B /* Release */,
			);
			defaultConfigurationIsVisible = 0;
			defaultConfigurationName = Release;
		};
/* End XCConfigurationList section */
	};
	rootObject = EE582936273173D20046A57B /* Project object */;
}
